
Microsoft Visual Studio Solution File, Format Version 12.00
# Visual Studio Version 16
VisualStudioVersion = 16.0.29806.167
MinimumVisualStudioVersion = 10.0.40219.1
Project("{2150E333-8FDC-42A3-9474-1A3956D46DE8}") = "Src", "Src", "{724A1F9D-C59F-465D-8E4F-23A1AFFFC37D}"
EndProject
Project("{2150E333-8FDC-42A3-9474-1A3956D46DE8}") = "Core", "Core", "{511AD99D-D5F0-4C1B-9205-7A1477597C37}"
EndProject
Project("{2150E333-8FDC-42A3-9474-1A3956D46DE8}") = "Tests", "Tests", "{C7E8C37E-0FBC-44F5-A6C2-282DD97AAA4D}"
EndProject
Project("{2150E333-8FDC-42A3-9474-1A3956D46DE8}") = "Presentation", "Presentation", "{1DFF86C2-48FA-457B-9428-C25CB0FA8B22}"
EndProject
Project("{9A19103F-16F7-4668-BE54-9A1E7A4F7556}") = "Common", "Common\Common.csproj", "{CAEDC152-55AC-4BF6-9F2C-752F889ACA73}"
EndProject
Project("{9A19103F-16F7-4668-BE54-9A1E7A4F7556}") = "Domain", "Domain\Domain.csproj", "{9F74947C-C487-4CCD-B924-B60167F6C0D2}"
EndProject
Project("{2150E333-8FDC-42A3-9474-1A3956D46DE8}") = "Infrastructure", "Infrastructure", "{0970CF27-8790-406E-B3EE-554FD18DB575}"
EndProject
Project("{9A19103F-16F7-4668-BE54-9A1E7A4F7556}") = "Application", "Application\Application.csproj", "{2B9DF270-6CE7-45C4-98F1-5542D14995A5}"
EndProject
Project("{9A19103F-16F7-4668-BE54-9A1E7A4F7556}") = "NSEDataScrapper", "NSEDataScrapper\NSEDataScrapper.csproj", "{7D7E546E-83F2-4C08-839E-A05694DF69A4}"
EndProject
Project("{9A19103F-16F7-4668-BE54-9A1E7A4F7556}") = "Infrastructure.IntegrationTests", "Infrastructure.IntegrationTests\Infrastructure.IntegrationTests.csproj", "{BD7D9D63-0777-4B22-A67C-EB5E6FE24516}"
EndProject
Project("{9A19103F-16F7-4668-BE54-9A1E7A4F7556}") = "TestAPICalls", "TestAPICalls\TestAPICalls.csproj", "{DEDFD862-C420-460A-9327-AE5C9AB435F2}"
EndProject
Project("{9A19103F-16F7-4668-BE54-9A1E7A4F7556}") = "Application.UnitTests", "Application.UnitTests\Application.UnitTests.csproj", "{F4B7A09B-813C-4392-9B06-3F46B9B8B832}"
EndProject
Project("{2150E333-8FDC-42A3-9474-1A3956D46DE8}") = "Unit", "Unit", "{EB153251-6D87-444A-8C4B-7FE14135B452}"
EndProject
Project("{2150E333-8FDC-42A3-9474-1A3956D46DE8}") = "Integration", "Integration", "{AD9C2CA0-E826-48E3-9503-E4B26448FA90}"
EndProject
Project("{FAE04EC0-301F-11D3-BF4B-00C04F79EFBC}") = "WebscrapperFunctionApp", "WebscrapperFunctionApp\WebscrapperFunctionApp.csproj", "{6BF2F472-A77B-4DB6-9772-0D7B66B47103}"
EndProject
Global
	GlobalSection(SolutionConfigurationPlatforms) = preSolution
		Debug|Any CPU = Debug|Any CPU
		Release|Any CPU = Release|Any CPU
	EndGlobalSection
	GlobalSection(ProjectConfigurationPlatforms) = postSolution
		{CAEDC152-55AC-4BF6-9F2C-752F889ACA73}.Debug|Any CPU.ActiveCfg = Debug|Any CPU
		{CAEDC152-55AC-4BF6-9F2C-752F889ACA73}.Debug|Any CPU.Build.0 = Debug|Any CPU
		{CAEDC152-55AC-4BF6-9F2C-752F889ACA73}.Release|Any CPU.ActiveCfg = Release|Any CPU
		{CAEDC152-55AC-4BF6-9F2C-752F889ACA73}.Release|Any CPU.Build.0 = Release|Any CPU
		{9F74947C-C487-4CCD-B924-B60167F6C0D2}.Debug|Any CPU.ActiveCfg = Debug|Any CPU
		{9F74947C-C487-4CCD-B924-B60167F6C0D2}.Debug|Any CPU.Build.0 = Debug|Any CPU
		{9F74947C-C487-4CCD-B924-B60167F6C0D2}.Release|Any CPU.ActiveCfg = Release|Any CPU
		{9F74947C-C487-4CCD-B924-B60167F6C0D2}.Release|Any CPU.Build.0 = Release|Any CPU
		{2B9DF270-6CE7-45C4-98F1-5542D14995A5}.Debug|Any CPU.ActiveCfg = Debug|Any CPU
		{2B9DF270-6CE7-45C4-98F1-5542D14995A5}.Debug|Any CPU.Build.0 = Debug|Any CPU
		{2B9DF270-6CE7-45C4-98F1-5542D14995A5}.Release|Any CPU.ActiveCfg = Release|Any CPU
		{2B9DF270-6CE7-45C4-98F1-5542D14995A5}.Release|Any CPU.Build.0 = Release|Any CPU
		{7D7E546E-83F2-4C08-839E-A05694DF69A4}.Debug|Any CPU.ActiveCfg = Debug|Any CPU
		{7D7E546E-83F2-4C08-839E-A05694DF69A4}.Debug|Any CPU.Build.0 = Debug|Any CPU
		{7D7E546E-83F2-4C08-839E-A05694DF69A4}.Release|Any CPU.ActiveCfg = Release|Any CPU
		{7D7E546E-83F2-4C08-839E-A05694DF69A4}.Release|Any CPU.Build.0 = Release|Any CPU
		{BD7D9D63-0777-4B22-A67C-EB5E6FE24516}.Debug|Any CPU.ActiveCfg = Debug|Any CPU
		{BD7D9D63-0777-4B22-A67C-EB5E6FE24516}.Debug|Any CPU.Build.0 = Debug|Any CPU
		{BD7D9D63-0777-4B22-A67C-EB5E6FE24516}.Release|Any CPU.ActiveCfg = Release|Any CPU
		{BD7D9D63-0777-4B22-A67C-EB5E6FE24516}.Release|Any CPU.Build.0 = Release|Any CPU
		{DEDFD862-C420-460A-9327-AE5C9AB435F2}.Debug|Any CPU.ActiveCfg = Debug|Any CPU
		{DEDFD862-C420-460A-9327-AE5C9AB435F2}.Debug|Any CPU.Build.0 = Debug|Any CPU
		{DEDFD862-C420-460A-9327-AE5C9AB435F2}.Release|Any CPU.ActiveCfg = Release|Any CPU
		{DEDFD862-C420-460A-9327-AE5C9AB435F2}.Release|Any CPU.Build.0 = Release|Any CPU
		{F4B7A09B-813C-4392-9B06-3F46B9B8B832}.Debug|Any CPU.ActiveCfg = Debug|Any CPU
		{F4B7A09B-813C-4392-9B06-3F46B9B8B832}.Debug|Any CPU.Build.0 = Debug|Any CPU
		{F4B7A09B-813C-4392-9B06-3F46B9B8B832}.Release|Any CPU.ActiveCfg = Release|Any CPU
		{F4B7A09B-813C-4392-9B06-3F46B9B8B832}.Release|Any CPU.Build.0 = Release|Any CPU
		{6BF2F472-A77B-4DB6-9772-0D7B66B47103}.Debug|Any CPU.ActiveCfg = Debug|Any CPU
		{6BF2F472-A77B-4DB6-9772-0D7B66B47103}.Debug|Any CPU.Build.0 = Debug|Any CPU
		{6BF2F472-A77B-4DB6-9772-0D7B66B47103}.Release|Any CPU.ActiveCfg = Release|Any CPU
		{6BF2F472-A77B-4DB6-9772-0D7B66B47103}.Release|Any CPU.Build.0 = Release|Any CPU
	EndGlobalSection
	GlobalSection(SolutionProperties) = preSolution
		HideSolutionNode = FALSE
	EndGlobalSection
	GlobalSection(NestedProjects) = preSolution
		{511AD99D-D5F0-4C1B-9205-7A1477597C37} = {724A1F9D-C59F-465D-8E4F-23A1AFFFC37D}
		{1DFF86C2-48FA-457B-9428-C25CB0FA8B22} = {724A1F9D-C59F-465D-8E4F-23A1AFFFC37D}
		{CAEDC152-55AC-4BF6-9F2C-752F889ACA73} = {511AD99D-D5F0-4C1B-9205-7A1477597C37}
		{9F74947C-C487-4CCD-B924-B60167F6C0D2} = {511AD99D-D5F0-4C1B-9205-7A1477597C37}
		{0970CF27-8790-406E-B3EE-554FD18DB575} = {724A1F9D-C59F-465D-8E4F-23A1AFFFC37D}
		{2B9DF270-6CE7-45C4-98F1-5542D14995A5} = {511AD99D-D5F0-4C1B-9205-7A1477597C37}
		{7D7E546E-83F2-4C08-839E-A05694DF69A4} = {0970CF27-8790-406E-B3EE-554FD18DB575}
		{BD7D9D63-0777-4B22-A67C-EB5E6FE24516} = {AD9C2CA0-E826-48E3-9503-E4B26448FA90}
		{DEDFD862-C420-460A-9327-AE5C9AB435F2} = {1DFF86C2-48FA-457B-9428-C25CB0FA8B22}
		{F4B7A09B-813C-4392-9B06-3F46B9B8B832} = {EB153251-6D87-444A-8C4B-7FE14135B452}
		{EB153251-6D87-444A-8C4B-7FE14135B452} = {C7E8C37E-0FBC-44F5-A6C2-282DD97AAA4D}
		{AD9C2CA0-E826-48E3-9503-E4B26448FA90} = {C7E8C37E-0FBC-44F5-A6C2-282DD97AAA4D}
		{6BF2F472-A77B-4DB6-9772-0D7B66B47103} = {1DFF86C2-48FA-457B-9428-C25CB0FA8B22}
	EndGlobalSection
	GlobalSection(ExtensibilityGlobals) = postSolution
		SolutionGuid = {8A0A17E3-2301-4A3B-BF4E-CCB768D280DB}
	EndGlobalSection
EndGlobal
